
Microsoft Visual Studio Solution File, Format Version 12.00
# Visual Studio Version 16
VisualStudioVersion = 16.0.29613.14
MinimumVisualStudioVersion = 10.0.40219.1
Project("{FAE04EC0-301F-11D3-BF4B-00C04F79EFBC}") = "Vehicles", "Vehicles\Vehicles.csproj", "{52B19CD4-C3FA-4BA2-878A-3E86A635A5DE}"
EndProject
Global
	GlobalSection(SolutionConfigurationPlatforms) = preSolution
		Debug|Any CPU = Debug|Any CPU
		Release|Any CPU = Release|Any CPU
	EndGlobalSection
	GlobalSection(ProjectConfigurationPlatforms) = postSolution
		{52B19CD4-C3FA-4BA2-878A-3E86A635A5DE}.Debug|Any CPU.ActiveCfg = Debug|Any CPU
		{52B19CD4-C3FA-4BA2-878A-3E86A635A5DE}.Debug|Any CPU.Build.0 = Debug|Any CPU
		{52B19CD4-C3FA-4BA2-878A-3E86A635A5DE}.Release|Any CPU.ActiveCfg = Release|Any CPU
		{52B19CD4-C3FA-4BA2-878A-3E86A635A5DE}.Release|Any CPU.Build.0 = Release|Any CPU
	EndGlobalSection
	GlobalSection(SolutionProperties) = preSolution
		HideSolutionNode = FALSE
	EndGlobalSection
	GlobalSection(ExtensibilityGlobals) = postSolution
		SolutionGuid = {CCF1D411-474C-4B04-B825-00B051B15C22}
	EndGlobalSection
EndGlobal
