
Microsoft Visual Studio Solution File, Format Version 12.00
# Visual Studio Version 16
VisualStudioVersion = 16.0.30804.86
MinimumVisualStudioVersion = 10.0.40219.1
Project("{FAE04EC0-301F-11D3-BF4B-00C04F79EFBC}") = "P01_StudentSystem", "P01_StudentSystem\P01_StudentSystem.csproj", "{86755A3F-A8F4-4511-B9A8-EA146FD1E101}"
EndProject
Project("{FAE04EC0-301F-11D3-BF4B-00C04F79EFBC}") = "P01_StudentSystem.Data", "P01_StudentSystem.Data\P01_StudentSystem.Data.csproj", "{7C4F87A5-CCF6-4DAB-9755-7D55D4267EBB}"
EndProject
Project("{FAE04EC0-301F-11D3-BF4B-00C04F79EFBC}") = "P01_StudentSystem.Data.Models", "P01_StudentSystem.Data.Models\P01_StudentSystem.Data.Models.csproj", "{F16D7397-AFA8-4E1E-BABE-A452DB9E46DA}"
EndProject
Global
	GlobalSection(SolutionConfigurationPlatforms) = preSolution
		Debug|Any CPU = Debug|Any CPU
		Release|Any CPU = Release|Any CPU
	EndGlobalSection
	GlobalSection(ProjectConfigurationPlatforms) = postSolution
		{86755A3F-A8F4-4511-B9A8-EA146FD1E101}.Debug|Any CPU.ActiveCfg = Debug|Any CPU
		{86755A3F-A8F4-4511-B9A8-EA146FD1E101}.Debug|Any CPU.Build.0 = Debug|Any CPU
		{86755A3F-A8F4-4511-B9A8-EA146FD1E101}.Release|Any CPU.ActiveCfg = Release|Any CPU
		{86755A3F-A8F4-4511-B9A8-EA146FD1E101}.Release|Any CPU.Build.0 = Release|Any CPU
		{7C4F87A5-CCF6-4DAB-9755-7D55D4267EBB}.Debug|Any CPU.ActiveCfg = Debug|Any CPU
		{7C4F87A5-CCF6-4DAB-9755-7D55D4267EBB}.Debug|Any CPU.Build.0 = Debug|Any CPU
		{7C4F87A5-CCF6-4DAB-9755-7D55D4267EBB}.Release|Any CPU.ActiveCfg = Release|Any CPU
		{7C4F87A5-CCF6-4DAB-9755-7D55D4267EBB}.Release|Any CPU.Build.0 = Release|Any CPU
		{F16D7397-AFA8-4E1E-BABE-A452DB9E46DA}.Debug|Any CPU.ActiveCfg = Debug|Any CPU
		{F16D7397-AFA8-4E1E-BABE-A452DB9E46DA}.Debug|Any CPU.Build.0 = Debug|Any CPU
		{F16D7397-AFA8-4E1E-BABE-A452DB9E46DA}.Release|Any CPU.ActiveCfg = Release|Any CPU
		{F16D7397-AFA8-4E1E-BABE-A452DB9E46DA}.Release|Any CPU.Build.0 = Release|Any CPU
	EndGlobalSection
	GlobalSection(SolutionProperties) = preSolution
		HideSolutionNode = FALSE
	EndGlobalSection
	GlobalSection(ExtensibilityGlobals) = postSolution
		SolutionGuid = {9CB8A3D8-2329-4657-9D35-C7521F3956D8}
	EndGlobalSection
EndGlobal
