
Microsoft Visual Studio Solution File, Format Version 12.00
# Visual Studio Version 16
VisualStudioVersion = 16.0.29613.14
MinimumVisualStudioVersion = 10.0.40219.1
Project("{9A19103F-16F7-4668-BE54-9A1E7A4F7556}") = "01.ClassBox", "01.ClassBox\01.ClassBox.csproj", "{AF51B647-AEF2-4223-B2FF-CEAA1CD43242}"
EndProject
Project("{9A19103F-16F7-4668-BE54-9A1E7A4F7556}") = "ShoppingSpree", "ShoppingSpree\ShoppingSpree.csproj", "{02320598-184D-40BE-9EE6-C4F981D35A25}"
EndProject
Project("{FAE04EC0-301F-11D3-BF4B-00C04F79EFBC}") = "AnimalFarm", "AnimalFarm\AnimalFarm.csproj", "{BFDD45B5-5079-4C07-9D25-3DEF6BB61BF8}"
EndProject
Project("{FAE04EC0-301F-11D3-BF4B-00C04F79EFBC}") = "PizzaCalories", "PizzaCalories\PizzaCalories.csproj", "{5C06976B-27F9-49A1-92D7-24C035A6F7AF}"
EndProject
Global
	GlobalSection(SolutionConfigurationPlatforms) = preSolution
		Debug|Any CPU = Debug|Any CPU
		Release|Any CPU = Release|Any CPU
	EndGlobalSection
	GlobalSection(ProjectConfigurationPlatforms) = postSolution
		{AF51B647-AEF2-4223-B2FF-CEAA1CD43242}.Debug|Any CPU.ActiveCfg = Debug|Any CPU
		{AF51B647-AEF2-4223-B2FF-CEAA1CD43242}.Debug|Any CPU.Build.0 = Debug|Any CPU
		{AF51B647-AEF2-4223-B2FF-CEAA1CD43242}.Release|Any CPU.ActiveCfg = Release|Any CPU
		{AF51B647-AEF2-4223-B2FF-CEAA1CD43242}.Release|Any CPU.Build.0 = Release|Any CPU
		{02320598-184D-40BE-9EE6-C4F981D35A25}.Debug|Any CPU.ActiveCfg = Debug|Any CPU
		{02320598-184D-40BE-9EE6-C4F981D35A25}.Debug|Any CPU.Build.0 = Debug|Any CPU
		{02320598-184D-40BE-9EE6-C4F981D35A25}.Release|Any CPU.ActiveCfg = Release|Any CPU
		{02320598-184D-40BE-9EE6-C4F981D35A25}.Release|Any CPU.Build.0 = Release|Any CPU
		{BFDD45B5-5079-4C07-9D25-3DEF6BB61BF8}.Debug|Any CPU.ActiveCfg = Debug|Any CPU
		{BFDD45B5-5079-4C07-9D25-3DEF6BB61BF8}.Debug|Any CPU.Build.0 = Debug|Any CPU
		{BFDD45B5-5079-4C07-9D25-3DEF6BB61BF8}.Release|Any CPU.ActiveCfg = Release|Any CPU
		{BFDD45B5-5079-4C07-9D25-3DEF6BB61BF8}.Release|Any CPU.Build.0 = Release|Any CPU
		{5C06976B-27F9-49A1-92D7-24C035A6F7AF}.Debug|Any CPU.ActiveCfg = Debug|Any CPU
		{5C06976B-27F9-49A1-92D7-24C035A6F7AF}.Debug|Any CPU.Build.0 = Debug|Any CPU
		{5C06976B-27F9-49A1-92D7-24C035A6F7AF}.Release|Any CPU.ActiveCfg = Release|Any CPU
		{5C06976B-27F9-49A1-92D7-24C035A6F7AF}.Release|Any CPU.Build.0 = Release|Any CPU
	EndGlobalSection
	GlobalSection(SolutionProperties) = preSolution
		HideSolutionNode = FALSE
	EndGlobalSection
	GlobalSection(ExtensibilityGlobals) = postSolution
		SolutionGuid = {3AB0DBEE-94B5-4994-9769-811150C7C1C9}
	EndGlobalSection
EndGlobal
