
Microsoft Visual Studio Solution File, Format Version 12.00
# Visual Studio Version 16
VisualStudioVersion = 16.0.29613.14
MinimumVisualStudioVersion = 10.0.40219.1
Project("{FAE04EC0-301F-11D3-BF4B-00C04F79EFBC}") = "ClassBoxData", "ClassBoxData\ClassBoxData.csproj", "{CC1F5452-3420-47C1-9140-B29BE04DA966}"
EndProject
Project("{FAE04EC0-301F-11D3-BF4B-00C04F79EFBC}") = "AnimalFarm", "AnimalFarm\AnimalFarm.csproj", "{756DCF7E-033C-472E-BC07-9DF1734CA7AB}"
EndProject
Project("{FAE04EC0-301F-11D3-BF4B-00C04F79EFBC}") = "ShoppingSpree", "ShoppingSpree\ShoppingSpree.csproj", "{D811FCBE-F021-4ECD-A141-4CC248928BCA}"
EndProject
Project("{FAE04EC0-301F-11D3-BF4B-00C04F79EFBC}") = "PizzaCalories", "PizzaCalories\PizzaCalories.csproj", "{0F5BF267-8034-4EBC-B47D-D361DF512E53}"
EndProject
Project("{FAE04EC0-301F-11D3-BF4B-00C04F79EFBC}") = "FootballTeamGenerator", "FootballTeamGenerator\FootballTeamGenerator.csproj", "{300B4B3B-5A93-4904-803A-156C7493E959}"
EndProject
Global
	GlobalSection(SolutionConfigurationPlatforms) = preSolution
		Debug|Any CPU = Debug|Any CPU
		Release|Any CPU = Release|Any CPU
	EndGlobalSection
	GlobalSection(ProjectConfigurationPlatforms) = postSolution
		{CC1F5452-3420-47C1-9140-B29BE04DA966}.Debug|Any CPU.ActiveCfg = Debug|Any CPU
		{CC1F5452-3420-47C1-9140-B29BE04DA966}.Debug|Any CPU.Build.0 = Debug|Any CPU
		{CC1F5452-3420-47C1-9140-B29BE04DA966}.Release|Any CPU.ActiveCfg = Release|Any CPU
		{CC1F5452-3420-47C1-9140-B29BE04DA966}.Release|Any CPU.Build.0 = Release|Any CPU
		{756DCF7E-033C-472E-BC07-9DF1734CA7AB}.Debug|Any CPU.ActiveCfg = Debug|Any CPU
		{756DCF7E-033C-472E-BC07-9DF1734CA7AB}.Debug|Any CPU.Build.0 = Debug|Any CPU
		{756DCF7E-033C-472E-BC07-9DF1734CA7AB}.Release|Any CPU.ActiveCfg = Release|Any CPU
		{756DCF7E-033C-472E-BC07-9DF1734CA7AB}.Release|Any CPU.Build.0 = Release|Any CPU
		{D811FCBE-F021-4ECD-A141-4CC248928BCA}.Debug|Any CPU.ActiveCfg = Debug|Any CPU
		{D811FCBE-F021-4ECD-A141-4CC248928BCA}.Debug|Any CPU.Build.0 = Debug|Any CPU
		{D811FCBE-F021-4ECD-A141-4CC248928BCA}.Release|Any CPU.ActiveCfg = Release|Any CPU
		{D811FCBE-F021-4ECD-A141-4CC248928BCA}.Release|Any CPU.Build.0 = Release|Any CPU
		{0F5BF267-8034-4EBC-B47D-D361DF512E53}.Debug|Any CPU.ActiveCfg = Debug|Any CPU
		{0F5BF267-8034-4EBC-B47D-D361DF512E53}.Debug|Any CPU.Build.0 = Debug|Any CPU
		{0F5BF267-8034-4EBC-B47D-D361DF512E53}.Release|Any CPU.ActiveCfg = Release|Any CPU
		{0F5BF267-8034-4EBC-B47D-D361DF512E53}.Release|Any CPU.Build.0 = Release|Any CPU
		{300B4B3B-5A93-4904-803A-156C7493E959}.Debug|Any CPU.ActiveCfg = Debug|Any CPU
		{300B4B3B-5A93-4904-803A-156C7493E959}.Debug|Any CPU.Build.0 = Debug|Any CPU
		{300B4B3B-5A93-4904-803A-156C7493E959}.Release|Any CPU.ActiveCfg = Release|Any CPU
		{300B4B3B-5A93-4904-803A-156C7493E959}.Release|Any CPU.Build.0 = Release|Any CPU
	EndGlobalSection
	GlobalSection(SolutionProperties) = preSolution
		HideSolutionNode = FALSE
	EndGlobalSection
	GlobalSection(ExtensibilityGlobals) = postSolution
		SolutionGuid = {9EB8255D-6D4A-4340-A93F-F3142384EA4A}
	EndGlobalSection
EndGlobal
