
Microsoft Visual Studio Solution File, Format Version 12.00
# Visual Studio Version 16
VisualStudioVersion = 16.0.29613.14
MinimumVisualStudioVersion = 10.0.40219.1
Project("{FAE04EC0-301F-11D3-BF4B-00C04F79EFBC}") = "01.ListyIterator", "IteratorsAndComparators\01.ListyIterator.csproj", "{7AE16661-B5C8-4D32-A02B-73085ABBB154}"
EndProject
Project("{FAE04EC0-301F-11D3-BF4B-00C04F79EFBC}") = "02.Collection", "02.Collection\02.Collection.csproj", "{2681358C-6D9D-4504-8D01-A318694BEB0D}"
EndProject
Global
	GlobalSection(SolutionConfigurationPlatforms) = preSolution
		Debug|Any CPU = Debug|Any CPU
		Release|Any CPU = Release|Any CPU
	EndGlobalSection
	GlobalSection(ProjectConfigurationPlatforms) = postSolution
		{7AE16661-B5C8-4D32-A02B-73085ABBB154}.Debug|Any CPU.ActiveCfg = Debug|Any CPU
		{7AE16661-B5C8-4D32-A02B-73085ABBB154}.Debug|Any CPU.Build.0 = Debug|Any CPU
		{7AE16661-B5C8-4D32-A02B-73085ABBB154}.Release|Any CPU.ActiveCfg = Release|Any CPU
		{7AE16661-B5C8-4D32-A02B-73085ABBB154}.Release|Any CPU.Build.0 = Release|Any CPU
		{2681358C-6D9D-4504-8D01-A318694BEB0D}.Debug|Any CPU.ActiveCfg = Debug|Any CPU
		{2681358C-6D9D-4504-8D01-A318694BEB0D}.Debug|Any CPU.Build.0 = Debug|Any CPU
		{2681358C-6D9D-4504-8D01-A318694BEB0D}.Release|Any CPU.ActiveCfg = Release|Any CPU
		{2681358C-6D9D-4504-8D01-A318694BEB0D}.Release|Any CPU.Build.0 = Release|Any CPU
	EndGlobalSection
	GlobalSection(SolutionProperties) = preSolution
		HideSolutionNode = FALSE
	EndGlobalSection
	GlobalSection(ExtensibilityGlobals) = postSolution
		SolutionGuid = {B39E870A-931C-4212-8BC6-66DF19124B53}
	EndGlobalSection
EndGlobal
