
Microsoft Visual Studio Solution File, Format Version 12.00
# Visual Studio Version 16
VisualStudioVersion = 16.0.29613.14
MinimumVisualStudioVersion = 10.0.40219.1
Project("{FAE04EC0-301F-11D3-BF4B-00C04F79EFBC}") = "01.UniqueUsernames", "01.UniqueUsernames\01.UniqueUsernames.csproj", "{0603F316-2CF1-4261-BB8B-E03768CC49A9}"
EndProject
Project("{FAE04EC0-301F-11D3-BF4B-00C04F79EFBC}") = "03.PeriodicTable", "03.PeriodicTable\03.PeriodicTable.csproj", "{3024CB78-4FDE-4BB3-8932-2B1192233BCD}"
EndProject
Global
	GlobalSection(SolutionConfigurationPlatforms) = preSolution
		Debug|Any CPU = Debug|Any CPU
		Release|Any CPU = Release|Any CPU
	EndGlobalSection
	GlobalSection(ProjectConfigurationPlatforms) = postSolution
		{0603F316-2CF1-4261-BB8B-E03768CC49A9}.Debug|Any CPU.ActiveCfg = Debug|Any CPU
		{0603F316-2CF1-4261-BB8B-E03768CC49A9}.Debug|Any CPU.Build.0 = Debug|Any CPU
		{0603F316-2CF1-4261-BB8B-E03768CC49A9}.Release|Any CPU.ActiveCfg = Release|Any CPU
		{0603F316-2CF1-4261-BB8B-E03768CC49A9}.Release|Any CPU.Build.0 = Release|Any CPU
		{3024CB78-4FDE-4BB3-8932-2B1192233BCD}.Debug|Any CPU.ActiveCfg = Debug|Any CPU
		{3024CB78-4FDE-4BB3-8932-2B1192233BCD}.Debug|Any CPU.Build.0 = Debug|Any CPU
		{3024CB78-4FDE-4BB3-8932-2B1192233BCD}.Release|Any CPU.ActiveCfg = Release|Any CPU
		{3024CB78-4FDE-4BB3-8932-2B1192233BCD}.Release|Any CPU.Build.0 = Release|Any CPU
	EndGlobalSection
	GlobalSection(SolutionProperties) = preSolution
		HideSolutionNode = FALSE
	EndGlobalSection
	GlobalSection(ExtensibilityGlobals) = postSolution
		SolutionGuid = {96C34F4A-7DA4-4B83-9D7B-C322F2ACB321}
	EndGlobalSection
EndGlobal
