
Microsoft Visual Studio Solution File, Format Version 12.00
# Visual Studio Version 16
VisualStudioVersion = 16.0.29613.14
MinimumVisualStudioVersion = 10.0.40219.1
Project("{FAE04EC0-301F-11D3-BF4B-00C04F79EFBC}") = "01.UniqueUsernames", "01.UniqueUsernames\01.UniqueUsernames.csproj", "{0603F316-2CF1-4261-BB8B-E03768CC49A9}"
EndProject
Project("{FAE04EC0-301F-11D3-BF4B-00C04F79EFBC}") = "03.PeriodicTable", "03.PeriodicTable\03.PeriodicTable.csproj", "{3024CB78-4FDE-4BB3-8932-2B1192233BCD}"
EndProject
Project("{FAE04EC0-301F-11D3-BF4B-00C04F79EFBC}") = "04.EvenTimes", "04.EvenTimes\04.EvenTimes.csproj", "{87F9FE11-E20E-48A6-8708-915D0015635C}"
EndProject
Project("{FAE04EC0-301F-11D3-BF4B-00C04F79EFBC}") = "05.CountSymbols", "06.CountSymbols\05.CountSymbols.csproj", "{4F0D0D93-F44E-445C-ADDB-CC3CDD386B35}"
EndProject
Project("{FAE04EC0-301F-11D3-BF4B-00C04F79EFBC}") = "06.Wardrobe", "06.Wardrobe\06.Wardrobe.csproj", "{EEDD5618-0FC8-4548-983B-9DB91FDA163E}"
EndProject
Project("{FAE04EC0-301F-11D3-BF4B-00C04F79EFBC}") = "02.SetsOfElements", "02.SetsOfElements\02.SetsOfElements.csproj", "{C006F90F-BE93-4615-93A6-AD710D941F0C}"
EndProject
Global
	GlobalSection(SolutionConfigurationPlatforms) = preSolution
		Debug|Any CPU = Debug|Any CPU
		Release|Any CPU = Release|Any CPU
	EndGlobalSection
	GlobalSection(ProjectConfigurationPlatforms) = postSolution
		{0603F316-2CF1-4261-BB8B-E03768CC49A9}.Debug|Any CPU.ActiveCfg = Debug|Any CPU
		{0603F316-2CF1-4261-BB8B-E03768CC49A9}.Debug|Any CPU.Build.0 = Debug|Any CPU
		{0603F316-2CF1-4261-BB8B-E03768CC49A9}.Release|Any CPU.ActiveCfg = Release|Any CPU
		{0603F316-2CF1-4261-BB8B-E03768CC49A9}.Release|Any CPU.Build.0 = Release|Any CPU
		{3024CB78-4FDE-4BB3-8932-2B1192233BCD}.Debug|Any CPU.ActiveCfg = Debug|Any CPU
		{3024CB78-4FDE-4BB3-8932-2B1192233BCD}.Debug|Any CPU.Build.0 = Debug|Any CPU
		{3024CB78-4FDE-4BB3-8932-2B1192233BCD}.Release|Any CPU.ActiveCfg = Release|Any CPU
		{3024CB78-4FDE-4BB3-8932-2B1192233BCD}.Release|Any CPU.Build.0 = Release|Any CPU
		{87F9FE11-E20E-48A6-8708-915D0015635C}.Debug|Any CPU.ActiveCfg = Debug|Any CPU
		{87F9FE11-E20E-48A6-8708-915D0015635C}.Debug|Any CPU.Build.0 = Debug|Any CPU
		{87F9FE11-E20E-48A6-8708-915D0015635C}.Release|Any CPU.ActiveCfg = Release|Any CPU
		{87F9FE11-E20E-48A6-8708-915D0015635C}.Release|Any CPU.Build.0 = Release|Any CPU
		{4F0D0D93-F44E-445C-ADDB-CC3CDD386B35}.Debug|Any CPU.ActiveCfg = Debug|Any CPU
		{4F0D0D93-F44E-445C-ADDB-CC3CDD386B35}.Debug|Any CPU.Build.0 = Debug|Any CPU
		{4F0D0D93-F44E-445C-ADDB-CC3CDD386B35}.Release|Any CPU.ActiveCfg = Release|Any CPU
		{4F0D0D93-F44E-445C-ADDB-CC3CDD386B35}.Release|Any CPU.Build.0 = Release|Any CPU
		{EEDD5618-0FC8-4548-983B-9DB91FDA163E}.Debug|Any CPU.ActiveCfg = Debug|Any CPU
		{EEDD5618-0FC8-4548-983B-9DB91FDA163E}.Debug|Any CPU.Build.0 = Debug|Any CPU
		{EEDD5618-0FC8-4548-983B-9DB91FDA163E}.Release|Any CPU.ActiveCfg = Release|Any CPU
		{EEDD5618-0FC8-4548-983B-9DB91FDA163E}.Release|Any CPU.Build.0 = Release|Any CPU
		{C006F90F-BE93-4615-93A6-AD710D941F0C}.Debug|Any CPU.ActiveCfg = Debug|Any CPU
		{C006F90F-BE93-4615-93A6-AD710D941F0C}.Debug|Any CPU.Build.0 = Debug|Any CPU
		{C006F90F-BE93-4615-93A6-AD710D941F0C}.Release|Any CPU.ActiveCfg = Release|Any CPU
		{C006F90F-BE93-4615-93A6-AD710D941F0C}.Release|Any CPU.Build.0 = Release|Any CPU
	EndGlobalSection
	GlobalSection(SolutionProperties) = preSolution
		HideSolutionNode = FALSE
	EndGlobalSection
	GlobalSection(ExtensibilityGlobals) = postSolution
		SolutionGuid = {96C34F4A-7DA4-4B83-9D7B-C322F2ACB321}
	EndGlobalSection
EndGlobal
