
Microsoft Visual Studio Solution File, Format Version 12.00
# Visual Studio Version 16
VisualStudioVersion = 16.0.29613.14
MinimumVisualStudioVersion = 10.0.40219.1
Project("{9A19103F-16F7-4668-BE54-9A1E7A4F7556}") = "03.Guild", "03.Guild\03.Guild.csproj", "{231DC051-4C5E-45CE-8F5C-03FE7F442090}"
EndProject
Project("{FAE04EC0-301F-11D3-BF4B-00C04F79EFBC}") = "01.ClubParty", "01.ClubParty\01.ClubParty.csproj", "{CDB586D2-A7D8-4CF8-86F8-BE8F4F08C8AA}"
EndProject
Project("{FAE04EC0-301F-11D3-BF4B-00C04F79EFBC}") = "02.TronRacers", "02.TronRacers\02.TronRacers.csproj", "{D55DD184-CE14-47D3-99CD-240FE75EDEEC}"
EndProject
Project("{FAE04EC0-301F-11D3-BF4B-00C04F79EFBC}") = "03.Heroes", "03.Heroes\03.Heroes.csproj", "{9A396EC9-9C0E-4FA8-B2AE-B444456AFE69}"
EndProject
Project("{FAE04EC0-301F-11D3-BF4B-00C04F79EFBC}") = "01.DatingApp", "01.DatingApp\01.DatingApp.csproj", "{55E2A8A9-401E-476F-B3C8-23947E4AC4F3}"
EndProject
Project("{FAE04EC0-301F-11D3-BF4B-00C04F79EFBC}") = "02.BookWorm", "02.BookWorm\02.BookWorm.csproj", "{DE3F623B-F0C9-4810-8115-CE0A7089DC9C}"
EndProject
Project("{FAE04EC0-301F-11D3-BF4B-00C04F79EFBC}") = "03.Rabbits", "03.Rabbits\03.Rabbits.csproj", "{B91D2029-FA5B-4414-9DEF-13E15B050E61}"
EndProject
Global
	GlobalSection(SolutionConfigurationPlatforms) = preSolution
		Debug|Any CPU = Debug|Any CPU
		Release|Any CPU = Release|Any CPU
	EndGlobalSection
	GlobalSection(ProjectConfigurationPlatforms) = postSolution
		{231DC051-4C5E-45CE-8F5C-03FE7F442090}.Debug|Any CPU.ActiveCfg = Debug|Any CPU
		{231DC051-4C5E-45CE-8F5C-03FE7F442090}.Debug|Any CPU.Build.0 = Debug|Any CPU
		{231DC051-4C5E-45CE-8F5C-03FE7F442090}.Release|Any CPU.ActiveCfg = Release|Any CPU
		{231DC051-4C5E-45CE-8F5C-03FE7F442090}.Release|Any CPU.Build.0 = Release|Any CPU
		{CDB586D2-A7D8-4CF8-86F8-BE8F4F08C8AA}.Debug|Any CPU.ActiveCfg = Debug|Any CPU
		{CDB586D2-A7D8-4CF8-86F8-BE8F4F08C8AA}.Debug|Any CPU.Build.0 = Debug|Any CPU
		{CDB586D2-A7D8-4CF8-86F8-BE8F4F08C8AA}.Release|Any CPU.ActiveCfg = Release|Any CPU
		{CDB586D2-A7D8-4CF8-86F8-BE8F4F08C8AA}.Release|Any CPU.Build.0 = Release|Any CPU
		{D55DD184-CE14-47D3-99CD-240FE75EDEEC}.Debug|Any CPU.ActiveCfg = Debug|Any CPU
		{D55DD184-CE14-47D3-99CD-240FE75EDEEC}.Debug|Any CPU.Build.0 = Debug|Any CPU
		{D55DD184-CE14-47D3-99CD-240FE75EDEEC}.Release|Any CPU.ActiveCfg = Release|Any CPU
		{D55DD184-CE14-47D3-99CD-240FE75EDEEC}.Release|Any CPU.Build.0 = Release|Any CPU
		{9A396EC9-9C0E-4FA8-B2AE-B444456AFE69}.Debug|Any CPU.ActiveCfg = Debug|Any CPU
		{9A396EC9-9C0E-4FA8-B2AE-B444456AFE69}.Debug|Any CPU.Build.0 = Debug|Any CPU
		{9A396EC9-9C0E-4FA8-B2AE-B444456AFE69}.Release|Any CPU.ActiveCfg = Release|Any CPU
		{9A396EC9-9C0E-4FA8-B2AE-B444456AFE69}.Release|Any CPU.Build.0 = Release|Any CPU
		{55E2A8A9-401E-476F-B3C8-23947E4AC4F3}.Debug|Any CPU.ActiveCfg = Debug|Any CPU
		{55E2A8A9-401E-476F-B3C8-23947E4AC4F3}.Debug|Any CPU.Build.0 = Debug|Any CPU
		{55E2A8A9-401E-476F-B3C8-23947E4AC4F3}.Release|Any CPU.ActiveCfg = Release|Any CPU
		{55E2A8A9-401E-476F-B3C8-23947E4AC4F3}.Release|Any CPU.Build.0 = Release|Any CPU
		{DE3F623B-F0C9-4810-8115-CE0A7089DC9C}.Debug|Any CPU.ActiveCfg = Debug|Any CPU
		{DE3F623B-F0C9-4810-8115-CE0A7089DC9C}.Debug|Any CPU.Build.0 = Debug|Any CPU
		{DE3F623B-F0C9-4810-8115-CE0A7089DC9C}.Release|Any CPU.ActiveCfg = Release|Any CPU
		{DE3F623B-F0C9-4810-8115-CE0A7089DC9C}.Release|Any CPU.Build.0 = Release|Any CPU
		{B91D2029-FA5B-4414-9DEF-13E15B050E61}.Debug|Any CPU.ActiveCfg = Debug|Any CPU
		{B91D2029-FA5B-4414-9DEF-13E15B050E61}.Debug|Any CPU.Build.0 = Debug|Any CPU
		{B91D2029-FA5B-4414-9DEF-13E15B050E61}.Release|Any CPU.ActiveCfg = Release|Any CPU
		{B91D2029-FA5B-4414-9DEF-13E15B050E61}.Release|Any CPU.Build.0 = Release|Any CPU
	EndGlobalSection
	GlobalSection(SolutionProperties) = preSolution
		HideSolutionNode = FALSE
	EndGlobalSection
	GlobalSection(ExtensibilityGlobals) = postSolution
		SolutionGuid = {EA497D03-5A15-4A67-B789-55F31442F046}
	EndGlobalSection
EndGlobal
