
Microsoft Visual Studio Solution File, Format Version 12.00
# Visual Studio Version 16
VisualStudioVersion = 16.0.29613.14
MinimumVisualStudioVersion = 10.0.40219.1
Project("{9A19103F-16F7-4668-BE54-9A1E7A4F7556}") = "01.DiagonalDifference", "01.DiagonalDifference\01.DiagonalDifference.csproj", "{0DC936E9-6E7C-448E-B182-1B23236211F2}"
EndProject
Project("{9A19103F-16F7-4668-BE54-9A1E7A4F7556}") = "02.SquaresInMatrix", "02.SquaresInMatrix\02.SquaresInMatrix.csproj", "{C5734E27-9D79-4676-BECA-62E44FE8C3CB}"
EndProject
Project("{9A19103F-16F7-4668-BE54-9A1E7A4F7556}") = "03.MaximalSum", "03.MaximalSum\03.MaximalSum.csproj", "{85D4B8FC-7D22-44C5-BEEC-987C3DE68C23}"
EndProject
Project("{9A19103F-16F7-4668-BE54-9A1E7A4F7556}") = "04.MatrixShuffling", "04.MatrixShuffling\04.MatrixShuffling.csproj", "{306D58C0-6698-47EF-BD85-381A780D3ABA}"
EndProject
Project("{FAE04EC0-301F-11D3-BF4B-00C04F79EFBC}") = "05.SnakeMoves", "05.SnakeMoves\05.SnakeMoves.csproj", "{070FD5CA-0AAB-42AE-B7E4-03D7BE067DAA}"
EndProject
Project("{FAE04EC0-301F-11D3-BF4B-00C04F79EFBC}") = "06.JaggedArrayManipulator", "06.JaggedArrayManipulator\06.JaggedArrayManipulator.csproj", "{7FFDD02C-A6ED-4A41-B106-753B62247E95}"
EndProject
Project("{FAE04EC0-301F-11D3-BF4B-00C04F79EFBC}") = "07.KnightGame", "07.KnightGame\07.KnightGame.csproj", "{2A525061-FCD7-4AD5-97FF-D8238F164F59}"
EndProject
Project("{FAE04EC0-301F-11D3-BF4B-00C04F79EFBC}") = "09.Miner", "09.Miner\09.Miner.csproj", "{D4BA39AC-3701-4CDF-9138-EB0046F64DE2}"
EndProject
Project("{FAE04EC0-301F-11D3-BF4B-00C04F79EFBC}") = "08.Bombs", "08.Bombs\08.Bombs.csproj", "{143460C8-53AB-4EE7-9CB1-9F32E28F421D}"
EndProject
Global
	GlobalSection(SolutionConfigurationPlatforms) = preSolution
		Debug|Any CPU = Debug|Any CPU
		Release|Any CPU = Release|Any CPU
	EndGlobalSection
	GlobalSection(ProjectConfigurationPlatforms) = postSolution
		{0DC936E9-6E7C-448E-B182-1B23236211F2}.Debug|Any CPU.ActiveCfg = Debug|Any CPU
		{0DC936E9-6E7C-448E-B182-1B23236211F2}.Debug|Any CPU.Build.0 = Debug|Any CPU
		{0DC936E9-6E7C-448E-B182-1B23236211F2}.Release|Any CPU.ActiveCfg = Release|Any CPU
		{0DC936E9-6E7C-448E-B182-1B23236211F2}.Release|Any CPU.Build.0 = Release|Any CPU
		{C5734E27-9D79-4676-BECA-62E44FE8C3CB}.Debug|Any CPU.ActiveCfg = Debug|Any CPU
		{C5734E27-9D79-4676-BECA-62E44FE8C3CB}.Debug|Any CPU.Build.0 = Debug|Any CPU
		{C5734E27-9D79-4676-BECA-62E44FE8C3CB}.Release|Any CPU.ActiveCfg = Release|Any CPU
		{C5734E27-9D79-4676-BECA-62E44FE8C3CB}.Release|Any CPU.Build.0 = Release|Any CPU
		{85D4B8FC-7D22-44C5-BEEC-987C3DE68C23}.Debug|Any CPU.ActiveCfg = Debug|Any CPU
		{85D4B8FC-7D22-44C5-BEEC-987C3DE68C23}.Debug|Any CPU.Build.0 = Debug|Any CPU
		{85D4B8FC-7D22-44C5-BEEC-987C3DE68C23}.Release|Any CPU.ActiveCfg = Release|Any CPU
		{85D4B8FC-7D22-44C5-BEEC-987C3DE68C23}.Release|Any CPU.Build.0 = Release|Any CPU
		{306D58C0-6698-47EF-BD85-381A780D3ABA}.Debug|Any CPU.ActiveCfg = Debug|Any CPU
		{306D58C0-6698-47EF-BD85-381A780D3ABA}.Debug|Any CPU.Build.0 = Debug|Any CPU
		{306D58C0-6698-47EF-BD85-381A780D3ABA}.Release|Any CPU.ActiveCfg = Release|Any CPU
		{306D58C0-6698-47EF-BD85-381A780D3ABA}.Release|Any CPU.Build.0 = Release|Any CPU
		{070FD5CA-0AAB-42AE-B7E4-03D7BE067DAA}.Debug|Any CPU.ActiveCfg = Debug|Any CPU
		{070FD5CA-0AAB-42AE-B7E4-03D7BE067DAA}.Debug|Any CPU.Build.0 = Debug|Any CPU
		{070FD5CA-0AAB-42AE-B7E4-03D7BE067DAA}.Release|Any CPU.ActiveCfg = Release|Any CPU
		{070FD5CA-0AAB-42AE-B7E4-03D7BE067DAA}.Release|Any CPU.Build.0 = Release|Any CPU
		{7FFDD02C-A6ED-4A41-B106-753B62247E95}.Debug|Any CPU.ActiveCfg = Debug|Any CPU
		{7FFDD02C-A6ED-4A41-B106-753B62247E95}.Debug|Any CPU.Build.0 = Debug|Any CPU
		{7FFDD02C-A6ED-4A41-B106-753B62247E95}.Release|Any CPU.ActiveCfg = Release|Any CPU
		{7FFDD02C-A6ED-4A41-B106-753B62247E95}.Release|Any CPU.Build.0 = Release|Any CPU
		{2A525061-FCD7-4AD5-97FF-D8238F164F59}.Debug|Any CPU.ActiveCfg = Debug|Any CPU
		{2A525061-FCD7-4AD5-97FF-D8238F164F59}.Debug|Any CPU.Build.0 = Debug|Any CPU
		{2A525061-FCD7-4AD5-97FF-D8238F164F59}.Release|Any CPU.ActiveCfg = Release|Any CPU
		{2A525061-FCD7-4AD5-97FF-D8238F164F59}.Release|Any CPU.Build.0 = Release|Any CPU
		{D4BA39AC-3701-4CDF-9138-EB0046F64DE2}.Debug|Any CPU.ActiveCfg = Debug|Any CPU
		{D4BA39AC-3701-4CDF-9138-EB0046F64DE2}.Debug|Any CPU.Build.0 = Debug|Any CPU
		{D4BA39AC-3701-4CDF-9138-EB0046F64DE2}.Release|Any CPU.ActiveCfg = Release|Any CPU
		{D4BA39AC-3701-4CDF-9138-EB0046F64DE2}.Release|Any CPU.Build.0 = Release|Any CPU
		{143460C8-53AB-4EE7-9CB1-9F32E28F421D}.Debug|Any CPU.ActiveCfg = Debug|Any CPU
		{143460C8-53AB-4EE7-9CB1-9F32E28F421D}.Debug|Any CPU.Build.0 = Debug|Any CPU
		{143460C8-53AB-4EE7-9CB1-9F32E28F421D}.Release|Any CPU.ActiveCfg = Release|Any CPU
		{143460C8-53AB-4EE7-9CB1-9F32E28F421D}.Release|Any CPU.Build.0 = Release|Any CPU
	EndGlobalSection
	GlobalSection(SolutionProperties) = preSolution
		HideSolutionNode = FALSE
	EndGlobalSection
	GlobalSection(ExtensibilityGlobals) = postSolution
		SolutionGuid = {DE9F8885-0629-4C0B-81D8-8AFCF8A837EA}
	EndGlobalSection
EndGlobal
