
Microsoft Visual Studio Solution File, Format Version 12.00
# Visual Studio Version 16
VisualStudioVersion = 16.0.29613.14
MinimumVisualStudioVersion = 10.0.40219.1
Project("{FAE04EC0-301F-11D3-BF4B-00C04F79EFBC}") = "01.ActionPoint", "ConsoleApp1\01.ActionPoint.csproj", "{2A0DDC29-A262-4174-9B17-DF7E3FDF32F7}"
EndProject
Project("{FAE04EC0-301F-11D3-BF4B-00C04F79EFBC}") = "02.KnightsOfHonour", "02.KnightsOfHonour\02.KnightsOfHonour.csproj", "{0B4A046D-9DBB-4C28-8823-076F57C983F9}"
EndProject
Project("{FAE04EC0-301F-11D3-BF4B-00C04F79EFBC}") = "03.CustomMinFunction", "03.CustomMinFunction\03.CustomMinFunction.csproj", "{C860AC26-F4EC-4945-83F0-58E2336D2E54}"
EndProject
Project("{FAE04EC0-301F-11D3-BF4B-00C04F79EFBC}") = "04.FindEvensOrOdds", "04.FindEvensOrOdds\04.FindEvensOrOdds.csproj", "{C4B6CAE0-D856-44AC-85C3-DB2E5870BE60}"
EndProject
Project("{FAE04EC0-301F-11D3-BF4B-00C04F79EFBC}") = "05.AppliedArithmetics", "05.AppliedArithmetics\05.AppliedArithmetics.csproj", "{9274B61A-4934-49D0-81D8-733FB4E7091B}"
EndProject
Project("{FAE04EC0-301F-11D3-BF4B-00C04F79EFBC}") = "06.ReverseAndExclude", "06.ReverseAndExclude\06.ReverseAndExclude.csproj", "{3D6CE851-CAFF-4DED-943C-116698DCA825}"
EndProject
Project("{FAE04EC0-301F-11D3-BF4B-00C04F79EFBC}") = "07.PredicateForNames", "07.PredicateForNames\07.PredicateForNames.csproj", "{DABBE72D-19C7-4920-9032-605DE0C14E0F}"
EndProject
Global
	GlobalSection(SolutionConfigurationPlatforms) = preSolution
		Debug|Any CPU = Debug|Any CPU
		Release|Any CPU = Release|Any CPU
	EndGlobalSection
	GlobalSection(ProjectConfigurationPlatforms) = postSolution
		{2A0DDC29-A262-4174-9B17-DF7E3FDF32F7}.Debug|Any CPU.ActiveCfg = Debug|Any CPU
		{2A0DDC29-A262-4174-9B17-DF7E3FDF32F7}.Debug|Any CPU.Build.0 = Debug|Any CPU
		{2A0DDC29-A262-4174-9B17-DF7E3FDF32F7}.Release|Any CPU.ActiveCfg = Release|Any CPU
		{2A0DDC29-A262-4174-9B17-DF7E3FDF32F7}.Release|Any CPU.Build.0 = Release|Any CPU
		{0B4A046D-9DBB-4C28-8823-076F57C983F9}.Debug|Any CPU.ActiveCfg = Debug|Any CPU
		{0B4A046D-9DBB-4C28-8823-076F57C983F9}.Debug|Any CPU.Build.0 = Debug|Any CPU
		{0B4A046D-9DBB-4C28-8823-076F57C983F9}.Release|Any CPU.ActiveCfg = Release|Any CPU
		{0B4A046D-9DBB-4C28-8823-076F57C983F9}.Release|Any CPU.Build.0 = Release|Any CPU
		{C860AC26-F4EC-4945-83F0-58E2336D2E54}.Debug|Any CPU.ActiveCfg = Debug|Any CPU
		{C860AC26-F4EC-4945-83F0-58E2336D2E54}.Debug|Any CPU.Build.0 = Debug|Any CPU
		{C860AC26-F4EC-4945-83F0-58E2336D2E54}.Release|Any CPU.ActiveCfg = Release|Any CPU
		{C860AC26-F4EC-4945-83F0-58E2336D2E54}.Release|Any CPU.Build.0 = Release|Any CPU
		{C4B6CAE0-D856-44AC-85C3-DB2E5870BE60}.Debug|Any CPU.ActiveCfg = Debug|Any CPU
		{C4B6CAE0-D856-44AC-85C3-DB2E5870BE60}.Debug|Any CPU.Build.0 = Debug|Any CPU
		{C4B6CAE0-D856-44AC-85C3-DB2E5870BE60}.Release|Any CPU.ActiveCfg = Release|Any CPU
		{C4B6CAE0-D856-44AC-85C3-DB2E5870BE60}.Release|Any CPU.Build.0 = Release|Any CPU
		{9274B61A-4934-49D0-81D8-733FB4E7091B}.Debug|Any CPU.ActiveCfg = Debug|Any CPU
		{9274B61A-4934-49D0-81D8-733FB4E7091B}.Debug|Any CPU.Build.0 = Debug|Any CPU
		{9274B61A-4934-49D0-81D8-733FB4E7091B}.Release|Any CPU.ActiveCfg = Release|Any CPU
		{9274B61A-4934-49D0-81D8-733FB4E7091B}.Release|Any CPU.Build.0 = Release|Any CPU
		{3D6CE851-CAFF-4DED-943C-116698DCA825}.Debug|Any CPU.ActiveCfg = Debug|Any CPU
		{3D6CE851-CAFF-4DED-943C-116698DCA825}.Debug|Any CPU.Build.0 = Debug|Any CPU
		{3D6CE851-CAFF-4DED-943C-116698DCA825}.Release|Any CPU.ActiveCfg = Release|Any CPU
		{3D6CE851-CAFF-4DED-943C-116698DCA825}.Release|Any CPU.Build.0 = Release|Any CPU
		{DABBE72D-19C7-4920-9032-605DE0C14E0F}.Debug|Any CPU.ActiveCfg = Debug|Any CPU
		{DABBE72D-19C7-4920-9032-605DE0C14E0F}.Debug|Any CPU.Build.0 = Debug|Any CPU
		{DABBE72D-19C7-4920-9032-605DE0C14E0F}.Release|Any CPU.ActiveCfg = Release|Any CPU
		{DABBE72D-19C7-4920-9032-605DE0C14E0F}.Release|Any CPU.Build.0 = Release|Any CPU
	EndGlobalSection
	GlobalSection(SolutionProperties) = preSolution
		HideSolutionNode = FALSE
	EndGlobalSection
	GlobalSection(ExtensibilityGlobals) = postSolution
		SolutionGuid = {5DAF8051-D24A-483A-845E-028EFCD10ECB}
	EndGlobalSection
EndGlobal
