
Microsoft Visual Studio Solution File, Format Version 12.00
# Visual Studio Version 16
VisualStudioVersion = 16.0.29613.14
MinimumVisualStudioVersion = 10.0.40219.1
Project("{9A19103F-16F7-4668-BE54-9A1E7A4F7556}") = "Database", "Database\Database.csproj", "{E048D67A-4256-41E9-8A79-0BEA55B395B6}"
EndProject
Project("{9A19103F-16F7-4668-BE54-9A1E7A4F7556}") = "Database.Tests", "Database.Tests\Database.Tests.csproj", "{EEB26563-925F-4BDA-BA37-D56912CB9781}"
EndProject
Project("{9A19103F-16F7-4668-BE54-9A1E7A4F7556}") = "ExtendedDatabase", "ExtendedDatabase\ExtendedDatabase.csproj", "{08ECDDCE-0E13-4D94-8DC4-7A381ADCFBB9}"
EndProject
Project("{9A19103F-16F7-4668-BE54-9A1E7A4F7556}") = "ExtendedDatabase.Tests", "ExtendedDatabase.Tests\ExtendedDatabase.Tests.csproj", "{03551B40-1EDC-47B9-98FB-BC104A31CA63}"
EndProject
Project("{9A19103F-16F7-4668-BE54-9A1E7A4F7556}") = "CarManager", "CarManager\CarManager.csproj", "{BCBBBB86-A0ED-409B-8200-1F5B40CA0B33}"
EndProject
Project("{9A19103F-16F7-4668-BE54-9A1E7A4F7556}") = "CarManager.Tests", "CarManager.Tests\CarManager.Tests.csproj", "{676095E3-B689-4C93-B2FD-3321B94C8A52}"
EndProject
Project("{FAE04EC0-301F-11D3-BF4B-00C04F79EFBC}") = "FightingArena", "FightingArena\FightingArena.csproj", "{49F05C85-9B24-425C-88EC-65E9FCFA26E7}"
EndProject
Project("{FAE04EC0-301F-11D3-BF4B-00C04F79EFBC}") = "FightingArena.Tests", "FightingArena.Tests\FightingArena.Tests.csproj", "{BEA67754-0A02-49A8-BFA1-B163F791076A}"
EndProject
Global
	GlobalSection(SolutionConfigurationPlatforms) = preSolution
		Debug|Any CPU = Debug|Any CPU
		Release|Any CPU = Release|Any CPU
	EndGlobalSection
	GlobalSection(ProjectConfigurationPlatforms) = postSolution
		{E048D67A-4256-41E9-8A79-0BEA55B395B6}.Debug|Any CPU.ActiveCfg = Debug|Any CPU
		{E048D67A-4256-41E9-8A79-0BEA55B395B6}.Debug|Any CPU.Build.0 = Debug|Any CPU
		{E048D67A-4256-41E9-8A79-0BEA55B395B6}.Release|Any CPU.ActiveCfg = Release|Any CPU
		{E048D67A-4256-41E9-8A79-0BEA55B395B6}.Release|Any CPU.Build.0 = Release|Any CPU
		{EEB26563-925F-4BDA-BA37-D56912CB9781}.Debug|Any CPU.ActiveCfg = Debug|Any CPU
		{EEB26563-925F-4BDA-BA37-D56912CB9781}.Debug|Any CPU.Build.0 = Debug|Any CPU
		{EEB26563-925F-4BDA-BA37-D56912CB9781}.Release|Any CPU.ActiveCfg = Release|Any CPU
		{EEB26563-925F-4BDA-BA37-D56912CB9781}.Release|Any CPU.Build.0 = Release|Any CPU
		{08ECDDCE-0E13-4D94-8DC4-7A381ADCFBB9}.Debug|Any CPU.ActiveCfg = Debug|Any CPU
		{08ECDDCE-0E13-4D94-8DC4-7A381ADCFBB9}.Debug|Any CPU.Build.0 = Debug|Any CPU
		{08ECDDCE-0E13-4D94-8DC4-7A381ADCFBB9}.Release|Any CPU.ActiveCfg = Release|Any CPU
		{08ECDDCE-0E13-4D94-8DC4-7A381ADCFBB9}.Release|Any CPU.Build.0 = Release|Any CPU
		{03551B40-1EDC-47B9-98FB-BC104A31CA63}.Debug|Any CPU.ActiveCfg = Debug|Any CPU
		{03551B40-1EDC-47B9-98FB-BC104A31CA63}.Debug|Any CPU.Build.0 = Debug|Any CPU
		{03551B40-1EDC-47B9-98FB-BC104A31CA63}.Release|Any CPU.ActiveCfg = Release|Any CPU
		{03551B40-1EDC-47B9-98FB-BC104A31CA63}.Release|Any CPU.Build.0 = Release|Any CPU
		{BCBBBB86-A0ED-409B-8200-1F5B40CA0B33}.Debug|Any CPU.ActiveCfg = Debug|Any CPU
		{BCBBBB86-A0ED-409B-8200-1F5B40CA0B33}.Debug|Any CPU.Build.0 = Debug|Any CPU
		{BCBBBB86-A0ED-409B-8200-1F5B40CA0B33}.Release|Any CPU.ActiveCfg = Release|Any CPU
		{BCBBBB86-A0ED-409B-8200-1F5B40CA0B33}.Release|Any CPU.Build.0 = Release|Any CPU
		{676095E3-B689-4C93-B2FD-3321B94C8A52}.Debug|Any CPU.ActiveCfg = Debug|Any CPU
		{676095E3-B689-4C93-B2FD-3321B94C8A52}.Debug|Any CPU.Build.0 = Debug|Any CPU
		{676095E3-B689-4C93-B2FD-3321B94C8A52}.Release|Any CPU.ActiveCfg = Release|Any CPU
		{676095E3-B689-4C93-B2FD-3321B94C8A52}.Release|Any CPU.Build.0 = Release|Any CPU
		{49F05C85-9B24-425C-88EC-65E9FCFA26E7}.Debug|Any CPU.ActiveCfg = Debug|Any CPU
		{49F05C85-9B24-425C-88EC-65E9FCFA26E7}.Debug|Any CPU.Build.0 = Debug|Any CPU
		{49F05C85-9B24-425C-88EC-65E9FCFA26E7}.Release|Any CPU.ActiveCfg = Release|Any CPU
		{49F05C85-9B24-425C-88EC-65E9FCFA26E7}.Release|Any CPU.Build.0 = Release|Any CPU
		{BEA67754-0A02-49A8-BFA1-B163F791076A}.Debug|Any CPU.ActiveCfg = Debug|Any CPU
		{BEA67754-0A02-49A8-BFA1-B163F791076A}.Debug|Any CPU.Build.0 = Debug|Any CPU
		{BEA67754-0A02-49A8-BFA1-B163F791076A}.Release|Any CPU.ActiveCfg = Release|Any CPU
		{BEA67754-0A02-49A8-BFA1-B163F791076A}.Release|Any CPU.Build.0 = Release|Any CPU
	EndGlobalSection
	GlobalSection(SolutionProperties) = preSolution
		HideSolutionNode = FALSE
	EndGlobalSection
	GlobalSection(ExtensibilityGlobals) = postSolution
		SolutionGuid = {AB6A5AFC-1A61-4720-8023-B8890D5EEDEC}
	EndGlobalSection
EndGlobal
