
Microsoft Visual Studio Solution File, Format Version 12.00
# Visual Studio Version 16
VisualStudioVersion = 16.0.29613.14
MinimumVisualStudioVersion = 10.0.40219.1
Project("{FAE04EC0-301F-11D3-BF4B-00C04F79EFBC}") = "01.BasicStackOperations", "01.BasicStackOperations\01.BasicStackOperations.csproj", "{069C18A2-7011-4420-AF73-4C17E1BDC576}"
EndProject
Global
	GlobalSection(SolutionConfigurationPlatforms) = preSolution
		Debug|Any CPU = Debug|Any CPU
		Release|Any CPU = Release|Any CPU
	EndGlobalSection
	GlobalSection(ProjectConfigurationPlatforms) = postSolution
		{069C18A2-7011-4420-AF73-4C17E1BDC576}.Debug|Any CPU.ActiveCfg = Debug|Any CPU
		{069C18A2-7011-4420-AF73-4C17E1BDC576}.Debug|Any CPU.Build.0 = Debug|Any CPU
		{069C18A2-7011-4420-AF73-4C17E1BDC576}.Release|Any CPU.ActiveCfg = Release|Any CPU
		{069C18A2-7011-4420-AF73-4C17E1BDC576}.Release|Any CPU.Build.0 = Release|Any CPU
	EndGlobalSection
	GlobalSection(SolutionProperties) = preSolution
		HideSolutionNode = FALSE
	EndGlobalSection
	GlobalSection(ExtensibilityGlobals) = postSolution
		SolutionGuid = {FE843AF8-CD4D-4946-A1EB-BD91F4522B3D}
	EndGlobalSection
EndGlobal
