
Microsoft Visual Studio Solution File, Format Version 12.00
# Visual Studio Version 16
VisualStudioVersion = 16.0.29613.14
MinimumVisualStudioVersion = 10.0.40219.1
Project("{FAE04EC0-301F-11D3-BF4B-00C04F79EFBC}") = "01.DefineAClassPerson", "01.DefineAClassPerson\01.DefineAClassPerson.csproj", "{0DA1C9F9-6FC6-4133-B468-E1FBD626E4F2}"
EndProject
Project("{FAE04EC0-301F-11D3-BF4B-00C04F79EFBC}") = "02.CreatingConstructor", "02.CreatingConstructor\02.CreatingConstructor.csproj", "{A200DA1A-404C-41A1-8E8A-193F47FDBEEA}"
EndProject
Project("{FAE04EC0-301F-11D3-BF4B-00C04F79EFBC}") = "03.OldestFamilyMember", "03.OldestFamilyMember\03.OldestFamilyMember.csproj", "{7A537BDB-847D-4A68-8552-22AE9E451DB3}"
EndProject
Project("{FAE04EC0-301F-11D3-BF4B-00C04F79EFBC}") = "04.OpinionPoll", "04.OpinionPoll\04.OpinionPoll.csproj", "{95B0F8E4-C990-4B77-A1BF-32B43C635409}"
EndProject
Project("{FAE04EC0-301F-11D3-BF4B-00C04F79EFBC}") = "06.SpeedRacing", "06.SpeedRacing\06.SpeedRacing.csproj", "{0317A730-8D5D-41FC-A162-D6F394ED9256}"
EndProject
Project("{FAE04EC0-301F-11D3-BF4B-00C04F79EFBC}") = "07.RawData", "07.RawData\07.RawData.csproj", "{4F08730B-E7FB-4F35-9A01-921F069C91B3}"
EndProject
Global
	GlobalSection(SolutionConfigurationPlatforms) = preSolution
		Debug|Any CPU = Debug|Any CPU
		Release|Any CPU = Release|Any CPU
	EndGlobalSection
	GlobalSection(ProjectConfigurationPlatforms) = postSolution
		{0DA1C9F9-6FC6-4133-B468-E1FBD626E4F2}.Debug|Any CPU.ActiveCfg = Debug|Any CPU
		{0DA1C9F9-6FC6-4133-B468-E1FBD626E4F2}.Debug|Any CPU.Build.0 = Debug|Any CPU
		{0DA1C9F9-6FC6-4133-B468-E1FBD626E4F2}.Release|Any CPU.ActiveCfg = Release|Any CPU
		{0DA1C9F9-6FC6-4133-B468-E1FBD626E4F2}.Release|Any CPU.Build.0 = Release|Any CPU
		{A200DA1A-404C-41A1-8E8A-193F47FDBEEA}.Debug|Any CPU.ActiveCfg = Debug|Any CPU
		{A200DA1A-404C-41A1-8E8A-193F47FDBEEA}.Debug|Any CPU.Build.0 = Debug|Any CPU
		{A200DA1A-404C-41A1-8E8A-193F47FDBEEA}.Release|Any CPU.ActiveCfg = Release|Any CPU
		{A200DA1A-404C-41A1-8E8A-193F47FDBEEA}.Release|Any CPU.Build.0 = Release|Any CPU
		{7A537BDB-847D-4A68-8552-22AE9E451DB3}.Debug|Any CPU.ActiveCfg = Debug|Any CPU
		{7A537BDB-847D-4A68-8552-22AE9E451DB3}.Debug|Any CPU.Build.0 = Debug|Any CPU
		{7A537BDB-847D-4A68-8552-22AE9E451DB3}.Release|Any CPU.ActiveCfg = Release|Any CPU
		{7A537BDB-847D-4A68-8552-22AE9E451DB3}.Release|Any CPU.Build.0 = Release|Any CPU
		{95B0F8E4-C990-4B77-A1BF-32B43C635409}.Debug|Any CPU.ActiveCfg = Debug|Any CPU
		{95B0F8E4-C990-4B77-A1BF-32B43C635409}.Debug|Any CPU.Build.0 = Debug|Any CPU
		{95B0F8E4-C990-4B77-A1BF-32B43C635409}.Release|Any CPU.ActiveCfg = Release|Any CPU
		{95B0F8E4-C990-4B77-A1BF-32B43C635409}.Release|Any CPU.Build.0 = Release|Any CPU
		{0317A730-8D5D-41FC-A162-D6F394ED9256}.Debug|Any CPU.ActiveCfg = Debug|Any CPU
		{0317A730-8D5D-41FC-A162-D6F394ED9256}.Debug|Any CPU.Build.0 = Debug|Any CPU
		{0317A730-8D5D-41FC-A162-D6F394ED9256}.Release|Any CPU.ActiveCfg = Release|Any CPU
		{0317A730-8D5D-41FC-A162-D6F394ED9256}.Release|Any CPU.Build.0 = Release|Any CPU
		{4F08730B-E7FB-4F35-9A01-921F069C91B3}.Debug|Any CPU.ActiveCfg = Debug|Any CPU
		{4F08730B-E7FB-4F35-9A01-921F069C91B3}.Debug|Any CPU.Build.0 = Debug|Any CPU
		{4F08730B-E7FB-4F35-9A01-921F069C91B3}.Release|Any CPU.ActiveCfg = Release|Any CPU
		{4F08730B-E7FB-4F35-9A01-921F069C91B3}.Release|Any CPU.Build.0 = Release|Any CPU
	EndGlobalSection
	GlobalSection(SolutionProperties) = preSolution
		HideSolutionNode = FALSE
	EndGlobalSection
	GlobalSection(ExtensibilityGlobals) = postSolution
		SolutionGuid = {88A99EBC-2112-4A82-9343-A0F692925B6D}
	EndGlobalSection
EndGlobal
