
Microsoft Visual Studio Solution File, Format Version 12.00
# Visual Studio Version 16
VisualStudioVersion = 16.0.29613.14
MinimumVisualStudioVersion = 10.0.40219.1
Project("{FAE04EC0-301F-11D3-BF4B-00C04F79EFBC}") = "01.GenericBoxOfStrings", "01.GenericBoxOfStrings\01.GenericBoxOfStrings.csproj", "{F866B325-031E-4389-9D99-6DB2B091CA54}"
EndProject
Project("{FAE04EC0-301F-11D3-BF4B-00C04F79EFBC}") = "02.GenericBoxOfInteger", "02.GenericBoxOfInteger\02.GenericBoxOfInteger.csproj", "{F4D9BBE2-0960-46F6-B0C8-81E74487BA30}"
EndProject
Project("{FAE04EC0-301F-11D3-BF4B-00C04F79EFBC}") = "03.GenericSwapMethodString", "03.GenericSwapMethodString\03.GenericSwapMethodString.csproj", "{A1A430C2-6B0E-4009-855B-20CEE8B77B61}"
EndProject
Project("{FAE04EC0-301F-11D3-BF4B-00C04F79EFBC}") = "04.GenericSwapMethodInteger", "04.GenericSwapMethodInteger\04.GenericSwapMethodInteger.csproj", "{5DC20012-263D-41E5-A599-46412DF454B1}"
EndProject
Project("{FAE04EC0-301F-11D3-BF4B-00C04F79EFBC}") = "05.GenericCountMethodString", "05.GenericCountMethodString\05.GenericCountMethodString.csproj", "{83EAD164-819A-4C10-AECB-1B1C5E0D1A4C}"
EndProject
Project("{FAE04EC0-301F-11D3-BF4B-00C04F79EFBC}") = "06.GenericCountMethodDouble", "06.GenericCountMethodDouble\06.GenericCountMethodDouble.csproj", "{D5A87D23-B59E-4997-85B4-3492D769112D}"
EndProject
Global
	GlobalSection(SolutionConfigurationPlatforms) = preSolution
		Debug|Any CPU = Debug|Any CPU
		Release|Any CPU = Release|Any CPU
	EndGlobalSection
	GlobalSection(ProjectConfigurationPlatforms) = postSolution
		{F866B325-031E-4389-9D99-6DB2B091CA54}.Debug|Any CPU.ActiveCfg = Debug|Any CPU
		{F866B325-031E-4389-9D99-6DB2B091CA54}.Debug|Any CPU.Build.0 = Debug|Any CPU
		{F866B325-031E-4389-9D99-6DB2B091CA54}.Release|Any CPU.ActiveCfg = Release|Any CPU
		{F866B325-031E-4389-9D99-6DB2B091CA54}.Release|Any CPU.Build.0 = Release|Any CPU
		{F4D9BBE2-0960-46F6-B0C8-81E74487BA30}.Debug|Any CPU.ActiveCfg = Debug|Any CPU
		{F4D9BBE2-0960-46F6-B0C8-81E74487BA30}.Debug|Any CPU.Build.0 = Debug|Any CPU
		{F4D9BBE2-0960-46F6-B0C8-81E74487BA30}.Release|Any CPU.ActiveCfg = Release|Any CPU
		{F4D9BBE2-0960-46F6-B0C8-81E74487BA30}.Release|Any CPU.Build.0 = Release|Any CPU
		{A1A430C2-6B0E-4009-855B-20CEE8B77B61}.Debug|Any CPU.ActiveCfg = Debug|Any CPU
		{A1A430C2-6B0E-4009-855B-20CEE8B77B61}.Debug|Any CPU.Build.0 = Debug|Any CPU
		{A1A430C2-6B0E-4009-855B-20CEE8B77B61}.Release|Any CPU.ActiveCfg = Release|Any CPU
		{A1A430C2-6B0E-4009-855B-20CEE8B77B61}.Release|Any CPU.Build.0 = Release|Any CPU
		{5DC20012-263D-41E5-A599-46412DF454B1}.Debug|Any CPU.ActiveCfg = Debug|Any CPU
		{5DC20012-263D-41E5-A599-46412DF454B1}.Debug|Any CPU.Build.0 = Debug|Any CPU
		{5DC20012-263D-41E5-A599-46412DF454B1}.Release|Any CPU.ActiveCfg = Release|Any CPU
		{5DC20012-263D-41E5-A599-46412DF454B1}.Release|Any CPU.Build.0 = Release|Any CPU
		{83EAD164-819A-4C10-AECB-1B1C5E0D1A4C}.Debug|Any CPU.ActiveCfg = Debug|Any CPU
		{83EAD164-819A-4C10-AECB-1B1C5E0D1A4C}.Debug|Any CPU.Build.0 = Debug|Any CPU
		{83EAD164-819A-4C10-AECB-1B1C5E0D1A4C}.Release|Any CPU.ActiveCfg = Release|Any CPU
		{83EAD164-819A-4C10-AECB-1B1C5E0D1A4C}.Release|Any CPU.Build.0 = Release|Any CPU
		{D5A87D23-B59E-4997-85B4-3492D769112D}.Debug|Any CPU.ActiveCfg = Debug|Any CPU
		{D5A87D23-B59E-4997-85B4-3492D769112D}.Debug|Any CPU.Build.0 = Debug|Any CPU
		{D5A87D23-B59E-4997-85B4-3492D769112D}.Release|Any CPU.ActiveCfg = Release|Any CPU
		{D5A87D23-B59E-4997-85B4-3492D769112D}.Release|Any CPU.Build.0 = Release|Any CPU
	EndGlobalSection
	GlobalSection(SolutionProperties) = preSolution
		HideSolutionNode = FALSE
	EndGlobalSection
	GlobalSection(ExtensibilityGlobals) = postSolution
		SolutionGuid = {29848ED2-479B-4A6E-A461-E244D50EABEF}
	EndGlobalSection
EndGlobal
